
Microsoft Visual Studio Solution File, Format Version 12.00
# Visual Studio Version 17
VisualStudioVersion = 17.11.35303.130
MinimumVisualStudioVersion = 10.0.40219.1
Project("{FAE04EC0-301F-11D3-BF4B-00C04F79EFBC}") = "juego_Sonic", "juego_Sonic.csproj", "{9A1B0703-DF98-4E28-87FD-01EBBBFC1576}"
EndProject
Project("{FAE04EC0-301F-11D3-BF4B-00C04F79EFBC}") = "juego_SonicBack", "..\juego_SonicBack\juego_SonicBack.csproj", "{8212A8E3-1D78-4FC8-B28E-580337A4B7AB}"
EndProject
Global
	GlobalSection(SolutionConfigurationPlatforms) = preSolution
		Debug|Any CPU = Debug|Any CPU
		Release|Any CPU = Release|Any CPU
	EndGlobalSection
	GlobalSection(ProjectConfigurationPlatforms) = postSolution
		{9A1B0703-DF98-4E28-87FD-01EBBBFC1576}.Debug|Any CPU.ActiveCfg = Debug|Any CPU
		{9A1B0703-DF98-4E28-87FD-01EBBBFC1576}.Debug|Any CPU.Build.0 = Debug|Any CPU
		{9A1B0703-DF98-4E28-87FD-01EBBBFC1576}.Release|Any CPU.ActiveCfg = Release|Any CPU
		{9A1B0703-DF98-4E28-87FD-01EBBBFC1576}.Release|Any CPU.Build.0 = Release|Any CPU
		{8212A8E3-1D78-4FC8-B28E-580337A4B7AB}.Debug|Any CPU.ActiveCfg = Debug|Any CPU
		{8212A8E3-1D78-4FC8-B28E-580337A4B7AB}.Debug|Any CPU.Build.0 = Debug|Any CPU
		{8212A8E3-1D78-4FC8-B28E-580337A4B7AB}.Release|Any CPU.ActiveCfg = Release|Any CPU
		{8212A8E3-1D78-4FC8-B28E-580337A4B7AB}.Release|Any CPU.Build.0 = Release|Any CPU
	EndGlobalSection
	GlobalSection(SolutionProperties) = preSolution
		HideSolutionNode = FALSE
	EndGlobalSection
	GlobalSection(ExtensibilityGlobals) = postSolution
		SolutionGuid = {D0B9D698-7B17-4141-AA1F-78149136F143}
	EndGlobalSection
EndGlobal
